
Microsoft Visual Studio Solution File, Format Version 12.00
# Visual Studio Version 16
VisualStudioVersion = 16.0.31911.196
MinimumVisualStudioVersion = 10.0.40219.1
Project("{9A19103F-16F7-4668-BE54-9A1E7A4F7556}") = "AccountBank", "AccountBank\AccountBank.csproj", "{1A9B4D4F-C3C7-44C7-BDE9-06B42602AD88}"
EndProject
Global
	GlobalSection(SolutionConfigurationPlatforms) = preSolution
		Debug|Any CPU = Debug|Any CPU
		Release|Any CPU = Release|Any CPU
	EndGlobalSection
	GlobalSection(ProjectConfigurationPlatforms) = postSolution
		{1A9B4D4F-C3C7-44C7-BDE9-06B42602AD88}.Debug|Any CPU.ActiveCfg = Debug|Any CPU
		{1A9B4D4F-C3C7-44C7-BDE9-06B42602AD88}.Debug|Any CPU.Build.0 = Debug|Any CPU
		{1A9B4D4F-C3C7-44C7-BDE9-06B42602AD88}.Release|Any CPU.ActiveCfg = Release|Any CPU
		{1A9B4D4F-C3C7-44C7-BDE9-06B42602AD88}.Release|Any CPU.Build.0 = Release|Any CPU
	EndGlobalSection
	GlobalSection(SolutionProperties) = preSolution
		HideSolutionNode = FALSE
	EndGlobalSection
	GlobalSection(ExtensibilityGlobals) = postSolution
		SolutionGuid = {4580D9BC-5666-40FB-9E27-4BA06CF8FEEF}
	EndGlobalSection
EndGlobal
